// !$*UTF8*$!
{
	archiveVersion = 1;
	classes = {
	};
	objectVersion = 55;
	objects = {

/* Begin PBXBuildFile section */
		986B820E29EDD62600BB8438 /* AppDelegate.swift in Sources */ = {isa = PBXBuildFile; fileRef = 986B820D29EDD62600BB8438 /* AppDelegate.swift */; };
		986B821029EDD62600BB8438 /* SceneDelegate.swift in Sources */ = {isa = PBXBuildFile; fileRef = 986B820F29EDD62600BB8438 /* SceneDelegate.swift */; };
		986B821229EDD62600BB8438 /* ViewController.swift in Sources */ = {isa = PBXBuildFile; fileRef = 986B821129EDD62600BB8438 /* ViewController.swift */; };
		986B821529EDD62600BB8438 /* Main.storyboard in Resources */ = {isa = PBXBuildFile; fileRef = 986B821329EDD62600BB8438 /* Main.storyboard */; };
		986B821729EDD62D00BB8438 /* Assets.xcassets in Resources */ = {isa = PBXBuildFile; fileRef = 986B821629EDD62D00BB8438 /* Assets.xcassets */; };
		986B821A29EDD62D00BB8438 /* LaunchScreen.storyboard in Resources */ = {isa = PBXBuildFile; fileRef = 986B821829EDD62D00BB8438 /* LaunchScreen.storyboard */; };
		986B822229EDDA6A00BB8438 /* GoogleService-Info.plist in Resources */ = {isa = PBXBuildFile; fileRef = 986B822129EDDA6A00BB8438 /* GoogleService-Info.plist */; };
		988FED8329EF181900833D89 /* FeedViewController.swift in Sources */ = {isa = PBXBuildFile; fileRef = 988FED8229EF181900833D89 /* FeedViewController.swift */; };
		988FED8529EF182B00833D89 /* UploadViewController.swift in Sources */ = {isa = PBXBuildFile; fileRef = 988FED8429EF182B00833D89 /* UploadViewController.swift */; };
		988FED8729EF183900833D89 /* SettingsViewController.swift in Sources */ = {isa = PBXBuildFile; fileRef = 988FED8629EF183900833D89 /* SettingsViewController.swift */; };
		98C01C1D29FBCFFD00A238A9 /* FirebaseAnalytics in Frameworks */ = {isa = PBXBuildFile; productRef = 98C01C1C29FBCFFD00A238A9 /* FirebaseAnalytics */; };
		98C01C1F29FBCFFD00A238A9 /* FirebaseAnalyticsOnDeviceConversion in Frameworks */ = {isa = PBXBuildFile; productRef = 98C01C1E29FBCFFD00A238A9 /* FirebaseAnalyticsOnDeviceConversion */; };
		98C01C2129FBCFFD00A238A9 /* FirebaseAnalyticsSwift in Frameworks */ = {isa = PBXBuildFile; productRef = 98C01C2029FBCFFD00A238A9 /* FirebaseAnalyticsSwift */; };
		98C01C2329FBCFFD00A238A9 /* FirebaseAnalyticsWithoutAdIdSupport in Frameworks */ = {isa = PBXBuildFile; productRef = 98C01C2229FBCFFD00A238A9 /* FirebaseAnalyticsWithoutAdIdSupport */; };
		98C01C2529FBCFFD00A238A9 /* FirebaseAppCheck in Frameworks */ = {isa = PBXBuildFile; productRef = 98C01C2429FBCFFD00A238A9 /* FirebaseAppCheck */; };
		98C01C2729FBCFFD00A238A9 /* FirebaseAppDistribution-Beta in Frameworks */ = {isa = PBXBuildFile; productRef = 98C01C2629FBCFFD00A238A9 /* FirebaseAppDistribution-Beta */; };
		98C01C2929FBCFFD00A238A9 /* FirebaseAuth in Frameworks */ = {isa = PBXBuildFile; productRef = 98C01C2829FBCFFD00A238A9 /* FirebaseAuth */; };
		98C01C2B29FBCFFD00A238A9 /* FirebaseAuthCombine-Community in Frameworks */ = {isa = PBXBuildFile; productRef = 98C01C2A29FBCFFD00A238A9 /* FirebaseAuthCombine-Community */; };
		98C01C2D29FBCFFD00A238A9 /* FirebaseCrashlytics in Frameworks */ = {isa = PBXBuildFile; productRef = 98C01C2C29FBCFFD00A238A9 /* FirebaseCrashlytics */; };
		98C01C2F29FBCFFD00A238A9 /* FirebaseDatabase in Frameworks */ = {isa = PBXBuildFile; productRef = 98C01C2E29FBCFFD00A238A9 /* FirebaseDatabase */; };
		98C01C3129FBCFFD00A238A9 /* FirebaseDatabaseSwift in Frameworks */ = {isa = PBXBuildFile; productRef = 98C01C3029FBCFFD00A238A9 /* FirebaseDatabaseSwift */; };
		98C01C3329FBCFFD00A238A9 /* FirebaseDynamicLinks in Frameworks */ = {isa = PBXBuildFile; productRef = 98C01C3229FBCFFD00A238A9 /* FirebaseDynamicLinks */; };
		98C01C3529FBCFFD00A238A9 /* FirebaseFirestore in Frameworks */ = {isa = PBXBuildFile; productRef = 98C01C3429FBCFFD00A238A9 /* FirebaseFirestore */; };
		98C01C3729FBCFFD00A238A9 /* FirebaseFirestoreCombine-Community in Frameworks */ = {isa = PBXBuildFile; productRef = 98C01C3629FBCFFD00A238A9 /* FirebaseFirestoreCombine-Community */; };
		98C01C3929FBCFFD00A238A9 /* FirebaseFirestoreSwift in Frameworks */ = {isa = PBXBuildFile; productRef = 98C01C3829FBCFFD00A238A9 /* FirebaseFirestoreSwift */; };
		98C01C3B29FBCFFD00A238A9 /* FirebaseFunctions in Frameworks */ = {isa = PBXBuildFile; productRef = 98C01C3A29FBCFFD00A238A9 /* FirebaseFunctions */; };
		98C01C3D29FBCFFD00A238A9 /* FirebaseFunctionsCombine-Community in Frameworks */ = {isa = PBXBuildFile; productRef = 98C01C3C29FBCFFD00A238A9 /* FirebaseFunctionsCombine-Community */; };
		98C01C3F29FBCFFD00A238A9 /* FirebaseInAppMessaging-Beta in Frameworks */ = {isa = PBXBuildFile; productRef = 98C01C3E29FBCFFD00A238A9 /* FirebaseInAppMessaging-Beta */; };
		98C01C4129FBCFFD00A238A9 /* FirebaseInAppMessagingSwift-Beta in Frameworks */ = {isa = PBXBuildFile; productRef = 98C01C4029FBCFFD00A238A9 /* FirebaseInAppMessagingSwift-Beta */; };
		98C01C4329FBCFFD00A238A9 /* FirebaseInstallations in Frameworks */ = {isa = PBXBuildFile; productRef = 98C01C4229FBCFFD00A238A9 /* FirebaseInstallations */; };
		98C01C4529FBCFFD00A238A9 /* FirebaseMLModelDownloader in Frameworks */ = {isa = PBXBuildFile; productRef = 98C01C4429FBCFFD00A238A9 /* FirebaseMLModelDownloader */; };
		98C01C4729FBCFFD00A238A9 /* FirebaseMessaging in Frameworks */ = {isa = PBXBuildFile; productRef = 98C01C4629FBCFFD00A238A9 /* FirebaseMessaging */; };
		98C01C4929FBCFFD00A238A9 /* FirebasePerformance in Frameworks */ = {isa = PBXBuildFile; productRef = 98C01C4829FBCFFD00A238A9 /* FirebasePerformance */; };
		98C01C4B29FBCFFD00A238A9 /* FirebaseRemoteConfig in Frameworks */ = {isa = PBXBuildFile; productRef = 98C01C4A29FBCFFD00A238A9 /* FirebaseRemoteConfig */; };
		98C01C4D29FBCFFD00A238A9 /* FirebaseRemoteConfigSwift in Frameworks */ = {isa = PBXBuildFile; productRef = 98C01C4C29FBCFFD00A238A9 /* FirebaseRemoteConfigSwift */; };
		98C01C4F29FBCFFD00A238A9 /* FirebaseStorage in Frameworks */ = {isa = PBXBuildFile; productRef = 98C01C4E29FBCFFD00A238A9 /* FirebaseStorage */; };
		98C01C5129FBCFFD00A238A9 /* FirebaseStorageCombine-Community in Frameworks */ = {isa = PBXBuildFile; productRef = 98C01C5029FBCFFD00A238A9 /* FirebaseStorageCombine-Community */; };
		98C01C5429FC3C2100A238A9 /* FirebaseAnalytics in Frameworks */ = {isa = PBXBuildFile; productRef = 98C01C5329FC3C2100A238A9 /* FirebaseAnalytics */; };
		98C01C5629FC3C2100A238A9 /* FirebaseAnalyticsOnDeviceConversion in Frameworks */ = {isa = PBXBuildFile; productRef = 98C01C5529FC3C2100A238A9 /* FirebaseAnalyticsOnDeviceConversion */; };
		98C01C5829FC3C2100A238A9 /* FirebaseAnalyticsSwift in Frameworks */ = {isa = PBXBuildFile; productRef = 98C01C5729FC3C2100A238A9 /* FirebaseAnalyticsSwift */; };
		98C01C5A29FC3C2100A238A9 /* FirebaseAnalyticsWithoutAdIdSupport in Frameworks */ = {isa = PBXBuildFile; productRef = 98C01C5929FC3C2100A238A9 /* FirebaseAnalyticsWithoutAdIdSupport */; };
		98C01C5C29FC3C2100A238A9 /* FirebaseAppCheck in Frameworks */ = {isa = PBXBuildFile; productRef = 98C01C5B29FC3C2100A238A9 /* FirebaseAppCheck */; };
		98C01C5E29FC3C2100A238A9 /* FirebaseAppDistribution-Beta in Frameworks */ = {isa = PBXBuildFile; productRef = 98C01C5D29FC3C2100A238A9 /* FirebaseAppDistribution-Beta */; };
		98C01C6029FC3C2100A238A9 /* FirebaseAuth in Frameworks */ = {isa = PBXBuildFile; productRef = 98C01C5F29FC3C2100A238A9 /* FirebaseAuth */; };
		98C01C6229FC3C2100A238A9 /* FirebaseAuthCombine-Community in Frameworks */ = {isa = PBXBuildFile; productRef = 98C01C6129FC3C2100A238A9 /* FirebaseAuthCombine-Community */; };
		98C01C6429FC3C2100A238A9 /* FirebaseCrashlytics in Frameworks */ = {isa = PBXBuildFile; productRef = 98C01C6329FC3C2100A238A9 /* FirebaseCrashlytics */; };
		98C01C6629FC3C2100A238A9 /* FirebaseDatabase in Frameworks */ = {isa = PBXBuildFile; productRef = 98C01C6529FC3C2100A238A9 /* FirebaseDatabase */; };
		98C01C6829FC3C2100A238A9 /* FirebaseDatabaseSwift in Frameworks */ = {isa = PBXBuildFile; productRef = 98C01C6729FC3C2100A238A9 /* FirebaseDatabaseSwift */; };
		98C01C6A29FC3C2100A238A9 /* FirebaseDynamicLinks in Frameworks */ = {isa = PBXBuildFile; productRef = 98C01C6929FC3C2100A238A9 /* FirebaseDynamicLinks */; };
		98C01C6C29FC3C2100A238A9 /* FirebaseFirestore in Frameworks */ = {isa = PBXBuildFile; productRef = 98C01C6B29FC3C2100A238A9 /* FirebaseFirestore */; };
		98C01C6E29FC3C2100A238A9 /* FirebaseFirestoreCombine-Community in Frameworks */ = {isa = PBXBuildFile; productRef = 98C01C6D29FC3C2100A238A9 /* FirebaseFirestoreCombine-Community */; };
		98C01C7029FC3C2100A238A9 /* FirebaseFirestoreSwift in Frameworks */ = {isa = PBXBuildFile; productRef = 98C01C6F29FC3C2100A238A9 /* FirebaseFirestoreSwift */; };
		98C01C7229FC3C2100A238A9 /* FirebaseFunctions in Frameworks */ = {isa = PBXBuildFile; productRef = 98C01C7129FC3C2100A238A9 /* FirebaseFunctions */; };
		98C01C7429FC3C2100A238A9 /* FirebaseFunctionsCombine-Community in Frameworks */ = {isa = PBXBuildFile; productRef = 98C01C7329FC3C2100A238A9 /* FirebaseFunctionsCombine-Community */; };
		98C01C7629FC3C2100A238A9 /* FirebaseInAppMessaging-Beta in Frameworks */ = {isa = PBXBuildFile; productRef = 98C01C7529FC3C2100A238A9 /* FirebaseInAppMessaging-Beta */; };
		98C01C7829FC3C2100A238A9 /* FirebaseInAppMessagingSwift-Beta in Frameworks */ = {isa = PBXBuildFile; productRef = 98C01C7729FC3C2100A238A9 /* FirebaseInAppMessagingSwift-Beta */; };
		98C01C7A29FC3C2100A238A9 /* FirebaseInstallations in Frameworks */ = {isa = PBXBuildFile; productRef = 98C01C7929FC3C2100A238A9 /* FirebaseInstallations */; };
		98C01C7C29FC3C2100A238A9 /* FirebaseMLModelDownloader in Frameworks */ = {isa = PBXBuildFile; productRef = 98C01C7B29FC3C2100A238A9 /* FirebaseMLModelDownloader */; };
		98C01C7E29FC3C2100A238A9 /* FirebaseMessaging in Frameworks */ = {isa = PBXBuildFile; productRef = 98C01C7D29FC3C2100A238A9 /* FirebaseMessaging */; };
		98C01C8029FC3C2100A238A9 /* FirebasePerformance in Frameworks */ = {isa = PBXBuildFile; productRef = 98C01C7F29FC3C2100A238A9 /* FirebasePerformance */; };
		98C01C8229FC3C2100A238A9 /* FirebaseRemoteConfig in Frameworks */ = {isa = PBXBuildFile; productRef = 98C01C8129FC3C2100A238A9 /* FirebaseRemoteConfig */; };
		98C01C8429FC3C2100A238A9 /* FirebaseRemoteConfigSwift in Frameworks */ = {isa = PBXBuildFile; productRef = 98C01C8329FC3C2100A238A9 /* FirebaseRemoteConfigSwift */; };
		98C01C8629FC3C2100A238A9 /* FirebaseStorage in Frameworks */ = {isa = PBXBuildFile; productRef = 98C01C8529FC3C2100A238A9 /* FirebaseStorage */; };
		98C01C8829FC3C2100A238A9 /* FirebaseStorageCombine-Community in Frameworks */ = {isa = PBXBuildFile; productRef = 98C01C8729FC3C2100A238A9 /* FirebaseStorageCombine-Community */; };
		98F442BD29EDE9F700591D13 /* FirebaseAuth in Frameworks */ = {isa = PBXBuildFile; productRef = 98F442BC29EDE9F700591D13 /* FirebaseAuth */; };
		98F442BF29EDE9F700591D13 /* FirebaseDatabase in Frameworks */ = {isa = PBXBuildFile; productRef = 98F442BE29EDE9F700591D13 /* FirebaseDatabase */; };
		98F442C129EDE9F700591D13 /* FirebaseFirestore in Frameworks */ = {isa = PBXBuildFile; productRef = 98F442C029EDE9F700591D13 /* FirebaseFirestore */; };
/* End PBXBuildFile section */

/* Begin PBXFileReference section */
		986B820A29EDD62600BB8438 /* InstaCloneFirebase.app */ = {isa = PBXFileReference; explicitFileType = wrapper.application; includeInIndex = 0; path = InstaCloneFirebase.app; sourceTree = BUILT_PRODUCTS_DIR; };
		986B820D29EDD62600BB8438 /* AppDelegate.swift */ = {isa = PBXFileReference; lastKnownFileType = sourcecode.swift; path = AppDelegate.swift; sourceTree = "<group>"; };
		986B820F29EDD62600BB8438 /* SceneDelegate.swift */ = {isa = PBXFileReference; lastKnownFileType = sourcecode.swift; path = SceneDelegate.swift; sourceTree = "<group>"; };
		986B821129EDD62600BB8438 /* ViewController.swift */ = {isa = PBXFileReference; lastKnownFileType = sourcecode.swift; path = ViewController.swift; sourceTree = "<group>"; };
		986B821429EDD62600BB8438 /* Base */ = {isa = PBXFileReference; lastKnownFileType = file.storyboard; name = Base; path = Base.lproj/Main.storyboard; sourceTree = "<group>"; };
		986B821629EDD62D00BB8438 /* Assets.xcassets */ = {isa = PBXFileReference; lastKnownFileType = folder.assetcatalog; path = Assets.xcassets; sourceTree = "<group>"; };
		986B821929EDD62D00BB8438 /* Base */ = {isa = PBXFileReference; lastKnownFileType = file.storyboard; name = Base; path = Base.lproj/LaunchScreen.storyboard; sourceTree = "<group>"; };
		986B821B29EDD62D00BB8438 /* Info.plist */ = {isa = PBXFileReference; lastKnownFileType = text.plist.xml; path = Info.plist; sourceTree = "<group>"; };
		986B822129EDDA6A00BB8438 /* GoogleService-Info.plist */ = {isa = PBXFileReference; fileEncoding = 4; lastKnownFileType = text.plist.xml; path = "GoogleService-Info.plist"; sourceTree = "<group>"; };
		988FED8229EF181900833D89 /* FeedViewController.swift */ = {isa = PBXFileReference; lastKnownFileType = sourcecode.swift; path = FeedViewController.swift; sourceTree = "<group>"; };
		988FED8429EF182B00833D89 /* UploadViewController.swift */ = {isa = PBXFileReference; lastKnownFileType = sourcecode.swift; path = UploadViewController.swift; sourceTree = "<group>"; };
		988FED8629EF183900833D89 /* SettingsViewController.swift */ = {isa = PBXFileReference; lastKnownFileType = sourcecode.swift; path = SettingsViewController.swift; sourceTree = "<group>"; };
/* End PBXFileReference section */

/* Begin PBXFrameworksBuildPhase section */
		986B820729EDD62500BB8438 /* Frameworks */ = {
			isa = PBXFrameworksBuildPhase;
			buildActionMask = 2147483647;
			files = (
				98C01C7C29FC3C2100A238A9 /* FirebaseMLModelDownloader in Frameworks */,
				98C01C4129FBCFFD00A238A9 /* FirebaseInAppMessagingSwift-Beta in Frameworks */,
				98C01C3129FBCFFD00A238A9 /* FirebaseDatabaseSwift in Frameworks */,
				98C01C6029FC3C2100A238A9 /* FirebaseAuth in Frameworks */,
				98C01C7429FC3C2100A238A9 /* FirebaseFunctionsCombine-Community in Frameworks */,
				98C01C2F29FBCFFD00A238A9 /* FirebaseDatabase in Frameworks */,
				98C01C5829FC3C2100A238A9 /* FirebaseAnalyticsSwift in Frameworks */,
				98C01C6E29FC3C2100A238A9 /* FirebaseFirestoreCombine-Community in Frameworks */,
				98C01C7E29FC3C2100A238A9 /* FirebaseMessaging in Frameworks */,
				98C01C8229FC3C2100A238A9 /* FirebaseRemoteConfig in Frameworks */,
				98C01C6A29FC3C2100A238A9 /* FirebaseDynamicLinks in Frameworks */,
				98C01C4529FBCFFD00A238A9 /* FirebaseMLModelDownloader in Frameworks */,
				98C01C2529FBCFFD00A238A9 /* FirebaseAppCheck in Frameworks */,
				98C01C3D29FBCFFD00A238A9 /* FirebaseFunctionsCombine-Community in Frameworks */,
				98C01C7629FC3C2100A238A9 /* FirebaseInAppMessaging-Beta in Frameworks */,
				98C01C4329FBCFFD00A238A9 /* FirebaseInstallations in Frameworks */,
				98C01C6429FC3C2100A238A9 /* FirebaseCrashlytics in Frameworks */,
				98C01C4729FBCFFD00A238A9 /* FirebaseMessaging in Frameworks */,
				98C01C5A29FC3C2100A238A9 /* FirebaseAnalyticsWithoutAdIdSupport in Frameworks */,
				98C01C7829FC3C2100A238A9 /* FirebaseInAppMessagingSwift-Beta in Frameworks */,
				98C01C6829FC3C2100A238A9 /* FirebaseDatabaseSwift in Frameworks */,
				98C01C2929FBCFFD00A238A9 /* FirebaseAuth in Frameworks */,
				98C01C7A29FC3C2100A238A9 /* FirebaseInstallations in Frameworks */,
				98C01C4B29FBCFFD00A238A9 /* FirebaseRemoteConfig in Frameworks */,
				98C01C7229FC3C2100A238A9 /* FirebaseFunctions in Frameworks */,
				98C01C8829FC3C2100A238A9 /* FirebaseStorageCombine-Community in Frameworks */,
				98C01C2129FBCFFD00A238A9 /* FirebaseAnalyticsSwift in Frameworks */,
				98C01C5429FC3C2100A238A9 /* FirebaseAnalytics in Frameworks */,
				98C01C8429FC3C2100A238A9 /* FirebaseRemoteConfigSwift in Frameworks */,
				98C01C4F29FBCFFD00A238A9 /* FirebaseStorage in Frameworks */,
				98C01C4929FBCFFD00A238A9 /* FirebasePerformance in Frameworks */,
				98C01C6229FC3C2100A238A9 /* FirebaseAuthCombine-Community in Frameworks */,
				98C01C3529FBCFFD00A238A9 /* FirebaseFirestore in Frameworks */,
				98F442BF29EDE9F700591D13 /* FirebaseDatabase in Frameworks */,
				98C01C5C29FC3C2100A238A9 /* FirebaseAppCheck in Frameworks */,
				98C01C3F29FBCFFD00A238A9 /* FirebaseInAppMessaging-Beta in Frameworks */,
				98F442BD29EDE9F700591D13 /* FirebaseAuth in Frameworks */,
				98C01C1F29FBCFFD00A238A9 /* FirebaseAnalyticsOnDeviceConversion in Frameworks */,
				98C01C4D29FBCFFD00A238A9 /* FirebaseRemoteConfigSwift in Frameworks */,
				98C01C2B29FBCFFD00A238A9 /* FirebaseAuthCombine-Community in Frameworks */,
				98C01C3B29FBCFFD00A238A9 /* FirebaseFunctions in Frameworks */,
				98C01C2329FBCFFD00A238A9 /* FirebaseAnalyticsWithoutAdIdSupport in Frameworks */,
				98C01C8029FC3C2100A238A9 /* FirebasePerformance in Frameworks */,
				98C01C5629FC3C2100A238A9 /* FirebaseAnalyticsOnDeviceConversion in Frameworks */,
				98C01C6629FC3C2100A238A9 /* FirebaseDatabase in Frameworks */,
				98C01C5129FBCFFD00A238A9 /* FirebaseStorageCombine-Community in Frameworks */,
				98C01C7029FC3C2100A238A9 /* FirebaseFirestoreSwift in Frameworks */,
				98C01C3729FBCFFD00A238A9 /* FirebaseFirestoreCombine-Community in Frameworks */,
				98C01C1D29FBCFFD00A238A9 /* FirebaseAnalytics in Frameworks */,
				98C01C2D29FBCFFD00A238A9 /* FirebaseCrashlytics in Frameworks */,
				98F442C129EDE9F700591D13 /* FirebaseFirestore in Frameworks */,
				98C01C2729FBCFFD00A238A9 /* FirebaseAppDistribution-Beta in Frameworks */,
				98C01C3329FBCFFD00A238A9 /* FirebaseDynamicLinks in Frameworks */,
				98C01C3929FBCFFD00A238A9 /* FirebaseFirestoreSwift in Frameworks */,
				98C01C8629FC3C2100A238A9 /* FirebaseStorage in Frameworks */,
				98C01C5E29FC3C2100A238A9 /* FirebaseAppDistribution-Beta in Frameworks */,
				98C01C6C29FC3C2100A238A9 /* FirebaseFirestore in Frameworks */,
			);
			runOnlyForDeploymentPostprocessing = 0;
		};
/* End PBXFrameworksBuildPhase section */

/* Begin PBXGroup section */
		986B820129EDD62500BB8438 = {
			isa = PBXGroup;
			children = (
				986B820C29EDD62600BB8438 /* InstaCloneFirebase */,
				986B820B29EDD62600BB8438 /* Products */,
			);
			sourceTree = "<group>";
		};
		986B820B29EDD62600BB8438 /* Products */ = {
			isa = PBXGroup;
			children = (
				986B820A29EDD62600BB8438 /* InstaCloneFirebase.app */,
			);
			name = Products;
			sourceTree = "<group>";
		};
		986B820C29EDD62600BB8438 /* InstaCloneFirebase */ = {
			isa = PBXGroup;
			children = (
				986B820D29EDD62600BB8438 /* AppDelegate.swift */,
				986B820F29EDD62600BB8438 /* SceneDelegate.swift */,
				986B821129EDD62600BB8438 /* ViewController.swift */,
				988FED8229EF181900833D89 /* FeedViewController.swift */,
				988FED8429EF182B00833D89 /* UploadViewController.swift */,
				988FED8629EF183900833D89 /* SettingsViewController.swift */,
				986B821329EDD62600BB8438 /* Main.storyboard */,
				986B821629EDD62D00BB8438 /* Assets.xcassets */,
				986B822129EDDA6A00BB8438 /* GoogleService-Info.plist */,
				986B821829EDD62D00BB8438 /* LaunchScreen.storyboard */,
				986B821B29EDD62D00BB8438 /* Info.plist */,
			);
			path = InstaCloneFirebase;
			sourceTree = "<group>";
		};
/* End PBXGroup section */

/* Begin PBXNativeTarget section */
		986B820929EDD62500BB8438 /* InstaCloneFirebase */ = {
			isa = PBXNativeTarget;
			buildConfigurationList = 986B821E29EDD62D00BB8438 /* Build configuration list for PBXNativeTarget "InstaCloneFirebase" */;
			buildPhases = (
				986B820629EDD62500BB8438 /* Sources */,
				986B820729EDD62500BB8438 /* Frameworks */,
				986B820829EDD62500BB8438 /* Resources */,
			);
			buildRules = (
			);
			dependencies = (
			);
			name = InstaCloneFirebase;
			packageProductDependencies = (
				98F442BC29EDE9F700591D13 /* FirebaseAuth */,
				98F442BE29EDE9F700591D13 /* FirebaseDatabase */,
				98F442C029EDE9F700591D13 /* FirebaseFirestore */,
				98C01C1C29FBCFFD00A238A9 /* FirebaseAnalytics */,
				98C01C1E29FBCFFD00A238A9 /* FirebaseAnalyticsOnDeviceConversion */,
				98C01C2029FBCFFD00A238A9 /* FirebaseAnalyticsSwift */,
				98C01C2229FBCFFD00A238A9 /* FirebaseAnalyticsWithoutAdIdSupport */,
				98C01C2429FBCFFD00A238A9 /* FirebaseAppCheck */,
				98C01C2629FBCFFD00A238A9 /* FirebaseAppDistribution-Beta */,
				98C01C2829FBCFFD00A238A9 /* FirebaseAuth */,
				98C01C2A29FBCFFD00A238A9 /* FirebaseAuthCombine-Community */,
				98C01C2C29FBCFFD00A238A9 /* FirebaseCrashlytics */,
				98C01C2E29FBCFFD00A238A9 /* FirebaseDatabase */,
				98C01C3029FBCFFD00A238A9 /* FirebaseDatabaseSwift */,
				98C01C3229FBCFFD00A238A9 /* FirebaseDynamicLinks */,
				98C01C3429FBCFFD00A238A9 /* FirebaseFirestore */,
				98C01C3629FBCFFD00A238A9 /* FirebaseFirestoreCombine-Community */,
				98C01C3829FBCFFD00A238A9 /* FirebaseFirestoreSwift */,
				98C01C3A29FBCFFD00A238A9 /* FirebaseFunctions */,
				98C01C3C29FBCFFD00A238A9 /* FirebaseFunctionsCombine-Community */,
				98C01C3E29FBCFFD00A238A9 /* FirebaseInAppMessaging-Beta */,
				98C01C4029FBCFFD00A238A9 /* FirebaseInAppMessagingSwift-Beta */,
				98C01C4229FBCFFD00A238A9 /* FirebaseInstallations */,
				98C01C4429FBCFFD00A238A9 /* FirebaseMLModelDownloader */,
				98C01C4629FBCFFD00A238A9 /* FirebaseMessaging */,
				98C01C4829FBCFFD00A238A9 /* FirebasePerformance */,
				98C01C4A29FBCFFD00A238A9 /* FirebaseRemoteConfig */,
				98C01C4C29FBCFFD00A238A9 /* FirebaseRemoteConfigSwift */,
				98C01C4E29FBCFFD00A238A9 /* FirebaseStorage */,
				98C01C5029FBCFFD00A238A9 /* FirebaseStorageCombine-Community */,
				98C01C5329FC3C2100A238A9 /* FirebaseAnalytics */,
				98C01C5529FC3C2100A238A9 /* FirebaseAnalyticsOnDeviceConversion */,
				98C01C5729FC3C2100A238A9 /* FirebaseAnalyticsSwift */,
				98C01C5929FC3C2100A238A9 /* FirebaseAnalyticsWithoutAdIdSupport */,
				98C01C5B29FC3C2100A238A9 /* FirebaseAppCheck */,
				98C01C5D29FC3C2100A238A9 /* FirebaseAppDistribution-Beta */,
				98C01C5F29FC3C2100A238A9 /* FirebaseAuth */,
				98C01C6129FC3C2100A238A9 /* FirebaseAuthCombine-Community */,
				98C01C6329FC3C2100A238A9 /* FirebaseCrashlytics */,
				98C01C6529FC3C2100A238A9 /* FirebaseDatabase */,
				98C01C6729FC3C2100A238A9 /* FirebaseDatabaseSwift */,
				98C01C6929FC3C2100A238A9 /* FirebaseDynamicLinks */,
				98C01C6B29FC3C2100A238A9 /* FirebaseFirestore */,
				98C01C6D29FC3C2100A238A9 /* FirebaseFirestoreCombine-Community */,
				98C01C6F29FC3C2100A238A9 /* FirebaseFirestoreSwift */,
				98C01C7129FC3C2100A238A9 /* FirebaseFunctions */,
				98C01C7329FC3C2100A238A9 /* FirebaseFunctionsCombine-Community */,
				98C01C7529FC3C2100A238A9 /* FirebaseInAppMessaging-Beta */,
				98C01C7729FC3C2100A238A9 /* FirebaseInAppMessagingSwift-Beta */,
				98C01C7929FC3C2100A238A9 /* FirebaseInstallations */,
				98C01C7B29FC3C2100A238A9 /* FirebaseMLModelDownloader */,
				98C01C7D29FC3C2100A238A9 /* FirebaseMessaging */,
				98C01C7F29FC3C2100A238A9 /* FirebasePerformance */,
				98C01C8129FC3C2100A238A9 /* FirebaseRemoteConfig */,
				98C01C8329FC3C2100A238A9 /* FirebaseRemoteConfigSwift */,
				98C01C8529FC3C2100A238A9 /* FirebaseStorage */,
				98C01C8729FC3C2100A238A9 /* FirebaseStorageCombine-Community */,
			);
			productName = InstaCloneFirebase;
			productReference = 986B820A29EDD62600BB8438 /* InstaCloneFirebase.app */;
			productType = "com.apple.product-type.application";
		};
/* End PBXNativeTarget section */

/* Begin PBXProject section */
		986B820229EDD62500BB8438 /* Project object */ = {
			isa = PBXProject;
			attributes = {
				BuildIndependentTargetsInParallel = 1;
				LastSwiftUpdateCheck = 1340;
				LastUpgradeCheck = 1340;
				TargetAttributes = {
					986B820929EDD62500BB8438 = {
						CreatedOnToolsVersion = 13.4.1;
					};
				};
			};
			buildConfigurationList = 986B820529EDD62500BB8438 /* Build configuration list for PBXProject "InstaCloneFirebase" */;
			compatibilityVersion = "Xcode 13.0";
			developmentRegion = en;
			hasScannedForEncodings = 0;
			knownRegions = (
				en,
				Base,
			);
			mainGroup = 986B820129EDD62500BB8438;
			packageReferences = (
				98F442BB29EDE9F700591D13 /* XCRemoteSwiftPackageReference "firebase-ios-sdk" */,
				98C01C1B29FBCFFD00A238A9 /* XCRemoteSwiftPackageReference "firebase-ios-sdk" */,
				98C01C5229FC3C2100A238A9 /* XCRemoteSwiftPackageReference "firebase-ios-sdk" */,
			);
			productRefGroup = 986B820B29EDD62600BB8438 /* Products */;
			projectDirPath = "";
			projectRoot = "";
			targets = (
				986B820929EDD62500BB8438 /* InstaCloneFirebase */,
			);
		};
/* End PBXProject section */

/* Begin PBXResourcesBuildPhase section */
		986B820829EDD62500BB8438 /* Resources */ = {
			isa = PBXResourcesBuildPhase;
			buildActionMask = 2147483647;
			files = (
				986B821A29EDD62D00BB8438 /* LaunchScreen.storyboard in Resources */,
				986B822229EDDA6A00BB8438 /* GoogleService-Info.plist in Resources */,
				986B821729EDD62D00BB8438 /* Assets.xcassets in Resources */,
				986B821529EDD62600BB8438 /* Main.storyboard in Resources */,
			);
			runOnlyForDeploymentPostprocessing = 0;
		};
/* End PBXResourcesBuildPhase section */

/* Begin PBXSourcesBuildPhase section */
		986B820629EDD62500BB8438 /* Sources */ = {
			isa = PBXSourcesBuildPhase;
			buildActionMask = 2147483647;
			files = (
				986B821229EDD62600BB8438 /* ViewController.swift in Sources */,
				988FED8529EF182B00833D89 /* UploadViewController.swift in Sources */,
				986B820E29EDD62600BB8438 /* AppDelegate.swift in Sources */,
				988FED8329EF181900833D89 /* FeedViewController.swift in Sources */,
				986B821029EDD62600BB8438 /* SceneDelegate.swift in Sources */,
				988FED8729EF183900833D89 /* SettingsViewController.swift in Sources */,
			);
			runOnlyForDeploymentPostprocessing = 0;
		};
/* End PBXSourcesBuildPhase section */

/* Begin PBXVariantGroup section */
		986B821329EDD62600BB8438 /* Main.storyboard */ = {
			isa = PBXVariantGroup;
			children = (
				986B821429EDD62600BB8438 /* Base */,
			);
			name = Main.storyboard;
			sourceTree = "<group>";
		};
		986B821829EDD62D00BB8438 /* LaunchScreen.storyboard */ = {
			isa = PBXVariantGroup;
			children = (
				986B821929EDD62D00BB8438 /* Base */,
			);
			name = LaunchScreen.storyboard;
			sourceTree = "<group>";
		};
/* End PBXVariantGroup section */

/* Begin XCBuildConfiguration section */
		986B821C29EDD62D00BB8438 /* Debug */ = {
			isa = XCBuildConfiguration;
			buildSettings = {
				ALWAYS_SEARCH_USER_PATHS = NO;
				CLANG_ANALYZER_NONNULL = YES;
				CLANG_ANALYZER_NUMBER_OBJECT_CONVERSION = YES_AGGRESSIVE;
				CLANG_CXX_LANGUAGE_STANDARD = "gnu++17";
				CLANG_ENABLE_MODULES = YES;
				CLANG_ENABLE_OBJC_ARC = YES;
				CLANG_ENABLE_OBJC_WEAK = YES;
				CLANG_WARN_BLOCK_CAPTURE_AUTORELEASING = YES;
				CLANG_WARN_BOOL_CONVERSION = YES;
				CLANG_WARN_COMMA = YES;
				CLANG_WARN_CONSTANT_CONVERSION = YES;
				CLANG_WARN_DEPRECATED_OBJC_IMPLEMENTATIONS = YES;
				CLANG_WARN_DIRECT_OBJC_ISA_USAGE = YES_ERROR;
				CLANG_WARN_DOCUMENTATION_COMMENTS = YES;
				CLANG_WARN_EMPTY_BODY = YES;
				CLANG_WARN_ENUM_CONVERSION = YES;
				CLANG_WARN_INFINITE_RECURSION = YES;
				CLANG_WARN_INT_CONVERSION = YES;
				CLANG_WARN_NON_LITERAL_NULL_CONVERSION = YES;
				CLANG_WARN_OBJC_IMPLICIT_RETAIN_SELF = YES;
				CLANG_WARN_OBJC_LITERAL_CONVERSION = YES;
				CLANG_WARN_OBJC_ROOT_CLASS = YES_ERROR;
				CLANG_WARN_QUOTED_INCLUDE_IN_FRAMEWORK_HEADER = YES;
				CLANG_WARN_RANGE_LOOP_ANALYSIS = YES;
				CLANG_WARN_STRICT_PROTOTYPES = YES;
				CLANG_WARN_SUSPICIOUS_MOVE = YES;
				CLANG_WARN_UNGUARDED_AVAILABILITY = YES_AGGRESSIVE;
				CLANG_WARN_UNREACHABLE_CODE = YES;
				CLANG_WARN__DUPLICATE_METHOD_MATCH = YES;
				COPY_PHASE_STRIP = NO;
				DEBUG_INFORMATION_FORMAT = dwarf;
				ENABLE_STRICT_OBJC_MSGSEND = YES;
				ENABLE_TESTABILITY = YES;
				GCC_C_LANGUAGE_STANDARD = gnu11;
				GCC_DYNAMIC_NO_PIC = NO;
				GCC_NO_COMMON_BLOCKS = YES;
				GCC_OPTIMIZATION_LEVEL = 0;
				GCC_PREPROCESSOR_DEFINITIONS = (
					"DEBUG=1",
					"$(inherited)",
				);
				GCC_WARN_64_TO_32_BIT_CONVERSION = YES;
				GCC_WARN_ABOUT_RETURN_TYPE = YES_ERROR;
				GCC_WARN_UNDECLARED_SELECTOR = YES;
				GCC_WARN_UNINITIALIZED_AUTOS = YES_AGGRESSIVE;
				GCC_WARN_UNUSED_FUNCTION = YES;
				GCC_WARN_UNUSED_VARIABLE = YES;
				IPHONEOS_DEPLOYMENT_TARGET = 15.5;
				MTL_ENABLE_DEBUG_INFO = INCLUDE_SOURCE;
				MTL_FAST_MATH = YES;
				ONLY_ACTIVE_ARCH = YES;
				SDKROOT = iphoneos;
				SWIFT_ACTIVE_COMPILATION_CONDITIONS = DEBUG;
				SWIFT_OPTIMIZATION_LEVEL = "-Onone";
			};
			name = Debug;
		};
		986B821D29EDD62D00BB8438 /* Release */ = {
			isa = XCBuildConfiguration;
			buildSettings = {
				ALWAYS_SEARCH_USER_PATHS = NO;
				CLANG_ANALYZER_NONNULL = YES;
				CLANG_ANALYZER_NUMBER_OBJECT_CONVERSION = YES_AGGRESSIVE;
				CLANG_CXX_LANGUAGE_STANDARD = "gnu++17";
				CLANG_ENABLE_MODULES = YES;
				CLANG_ENABLE_OBJC_ARC = YES;
				CLANG_ENABLE_OBJC_WEAK = YES;
				CLANG_WARN_BLOCK_CAPTURE_AUTORELEASING = YES;
				CLANG_WARN_BOOL_CONVERSION = YES;
				CLANG_WARN_COMMA = YES;
				CLANG_WARN_CONSTANT_CONVERSION = YES;
				CLANG_WARN_DEPRECATED_OBJC_IMPLEMENTATIONS = YES;
				CLANG_WARN_DIRECT_OBJC_ISA_USAGE = YES_ERROR;
				CLANG_WARN_DOCUMENTATION_COMMENTS = YES;
				CLANG_WARN_EMPTY_BODY = YES;
				CLANG_WARN_ENUM_CONVERSION = YES;
				CLANG_WARN_INFINITE_RECURSION = YES;
				CLANG_WARN_INT_CONVERSION = YES;
				CLANG_WARN_NON_LITERAL_NULL_CONVERSION = YES;
				CLANG_WARN_OBJC_IMPLICIT_RETAIN_SELF = YES;
				CLANG_WARN_OBJC_LITERAL_CONVERSION = YES;
				CLANG_WARN_OBJC_ROOT_CLASS = YES_ERROR;
				CLANG_WARN_QUOTED_INCLUDE_IN_FRAMEWORK_HEADER = YES;
				CLANG_WARN_RANGE_LOOP_ANALYSIS = YES;
				CLANG_WARN_STRICT_PROTOTYPES = YES;
				CLANG_WARN_SUSPICIOUS_MOVE = YES;
				CLANG_WARN_UNGUARDED_AVAILABILITY = YES_AGGRESSIVE;
				CLANG_WARN_UNREACHABLE_CODE = YES;
				CLANG_WARN__DUPLICATE_METHOD_MATCH = YES;
				COPY_PHASE_STRIP = NO;
				DEBUG_INFORMATION_FORMAT = "dwarf-with-dsym";
				ENABLE_NS_ASSERTIONS = NO;
				ENABLE_STRICT_OBJC_MSGSEND = YES;
				GCC_C_LANGUAGE_STANDARD = gnu11;
				GCC_NO_COMMON_BLOCKS = YES;
				GCC_WARN_64_TO_32_BIT_CONVERSION = YES;
				GCC_WARN_ABOUT_RETURN_TYPE = YES_ERROR;
				GCC_WARN_UNDECLARED_SELECTOR = YES;
				GCC_WARN_UNINITIALIZED_AUTOS = YES_AGGRESSIVE;
				GCC_WARN_UNUSED_FUNCTION = YES;
				GCC_WARN_UNUSED_VARIABLE = YES;
				IPHONEOS_DEPLOYMENT_TARGET = 15.5;
				MTL_ENABLE_DEBUG_INFO = NO;
				MTL_FAST_MATH = YES;
				SDKROOT = iphoneos;
				SWIFT_COMPILATION_MODE = wholemodule;
				SWIFT_OPTIMIZATION_LEVEL = "-O";
				VALIDATE_PRODUCT = YES;
			};
			name = Release;
		};
		986B821F29EDD62D00BB8438 /* Debug */ = {
			isa = XCBuildConfiguration;
			buildSettings = {
				ASSETCATALOG_COMPILER_APPICON_NAME = AppIcon;
				ASSETCATALOG_COMPILER_GLOBAL_ACCENT_COLOR_NAME = AccentColor;
				CODE_SIGN_STYLE = Automatic;
				CURRENT_PROJECT_VERSION = 1;
				DEVELOPMENT_TEAM = 55T34MW6JG;
				GENERATE_INFOPLIST_FILE = YES;
				INFOPLIST_FILE = InstaCloneFirebase/Info.plist;
				INFOPLIST_KEY_UIApplicationSupportsIndirectInputEvents = YES;
				INFOPLIST_KEY_UILaunchStoryboardName = LaunchScreen;
				INFOPLIST_KEY_UIMainStoryboardFile = Main;
				INFOPLIST_KEY_UISupportedInterfaceOrientations_iPad = "UIInterfaceOrientationPortrait UIInterfaceOrientationPortraitUpsideDown UIInterfaceOrientationLandscapeLeft UIInterfaceOrientationLandscapeRight";
				INFOPLIST_KEY_UISupportedInterfaceOrientations_iPhone = "UIInterfaceOrientationPortrait UIInterfaceOrientationLandscapeLeft UIInterfaceOrientationLandscapeRight";
				LD_RUNPATH_SEARCH_PATHS = (
					"$(inherited)",
					"@executable_path/Frameworks",
				);
				MARKETING_VERSION = 1.0;
				PRODUCT_BUNDLE_IDENTIFIER = com.zeynepbayrakdemirel.InstaCloneFirebase;
				PRODUCT_NAME = "$(TARGET_NAME)";
				SWIFT_EMIT_LOC_STRINGS = YES;
				SWIFT_VERSION = 5.0;
				TARGETED_DEVICE_FAMILY = "1,2";
			};
			name = Debug;
		};
		986B822029EDD62D00BB8438 /* Release */ = {
			isa = XCBuildConfiguration;
			buildSettings = {
				ASSETCATALOG_COMPILER_APPICON_NAME = AppIcon;
				ASSETCATALOG_COMPILER_GLOBAL_ACCENT_COLOR_NAME = AccentColor;
				CODE_SIGN_STYLE = Automatic;
				CURRENT_PROJECT_VERSION = 1;
				DEVELOPMENT_TEAM = 55T34MW6JG;
				GENERATE_INFOPLIST_FILE = YES;
				INFOPLIST_FILE = InstaCloneFirebase/Info.plist;
				INFOPLIST_KEY_UIApplicationSupportsIndirectInputEvents = YES;
				INFOPLIST_KEY_UILaunchStoryboardName = LaunchScreen;
				INFOPLIST_KEY_UIMainStoryboardFile = Main;
				INFOPLIST_KEY_UISupportedInterfaceOrientations_iPad = "UIInterfaceOrientationPortrait UIInterfaceOrientationPortraitUpsideDown UIInterfaceOrientationLandscapeLeft UIInterfaceOrientationLandscapeRight";
				INFOPLIST_KEY_UISupportedInterfaceOrientations_iPhone = "UIInterfaceOrientationPortrait UIInterfaceOrientationLandscapeLeft UIInterfaceOrientationLandscapeRight";
				LD_RUNPATH_SEARCH_PATHS = (
					"$(inherited)",
					"@executable_path/Frameworks",
				);
				MARKETING_VERSION = 1.0;
				PRODUCT_BUNDLE_IDENTIFIER = com.zeynepbayrakdemirel.InstaCloneFirebase;
				PRODUCT_NAME = "$(TARGET_NAME)";
				SWIFT_EMIT_LOC_STRINGS = YES;
				SWIFT_VERSION = 5.0;
				TARGETED_DEVICE_FAMILY = "1,2";
			};
			name = Release;
		};
/* End XCBuildConfiguration section */

/* Begin XCConfigurationList section */
		986B820529EDD62500BB8438 /* Build configuration list for PBXProject "InstaCloneFirebase" */ = {
			isa = XCConfigurationList;
			buildConfigurations = (
				986B821C29EDD62D00BB8438 /* Debug */,
				986B821D29EDD62D00BB8438 /* Release */,
			);
			defaultConfigurationIsVisible = 0;
			defaultConfigurationName = Release;
		};
		986B821E29EDD62D00BB8438 /* Build configuration list for PBXNativeTarget "InstaCloneFirebase" */ = {
			isa = XCConfigurationList;
			buildConfigurations = (
				986B821F29EDD62D00BB8438 /* Debug */,
				986B822029EDD62D00BB8438 /* Release */,
			);
			defaultConfigurationIsVisible = 0;
			defaultConfigurationName = Release;
		};
/* End XCConfigurationList section */

/* Begin XCRemoteSwiftPackageReference section */
		98C01C1B29FBCFFD00A238A9 /* XCRemoteSwiftPackageReference "firebase-ios-sdk" */ = {
			isa = XCRemoteSwiftPackageReference;
			repositoryURL = "https://github.com/firebase/firebase-ios-sdk";
			requirement = {
				branch = master;
				kind = branch;
			};
		};
		98C01C5229FC3C2100A238A9 /* XCRemoteSwiftPackageReference "firebase-ios-sdk" */ = {
			isa = XCRemoteSwiftPackageReference;
			repositoryURL = "https://github.com/firebase/firebase-ios-sdk";
			requirement = {
				branch = master;
				kind = branch;
			};
		};
		98F442BB29EDE9F700591D13 /* XCRemoteSwiftPackageReference "firebase-ios-sdk" */ = {
			isa = XCRemoteSwiftPackageReference;
			repositoryURL = "https://github.com/firebase/firebase-ios-sdk";
			requirement = {
				kind = upToNextMajorVersion;
				minimumVersion = 9.0.0;
			};
		};
/* End XCRemoteSwiftPackageReference section */

/* Begin XCSwiftPackageProductDependency section */
		98C01C1C29FBCFFD00A238A9 /* FirebaseAnalytics */ = {
			isa = XCSwiftPackageProductDependency;
			package = 98C01C1B29FBCFFD00A238A9 /* XCRemoteSwiftPackageReference "firebase-ios-sdk" */;
			productName = FirebaseAnalytics;
		};
		98C01C1E29FBCFFD00A238A9 /* FirebaseAnalyticsOnDeviceConversion */ = {
			isa = XCSwiftPackageProductDependency;
			package = 98C01C1B29FBCFFD00A238A9 /* XCRemoteSwiftPackageReference "firebase-ios-sdk" */;
			productName = FirebaseAnalyticsOnDeviceConversion;
		};
		98C01C2029FBCFFD00A238A9 /* FirebaseAnalyticsSwift */ = {
			isa = XCSwiftPackageProductDependency;
			package = 98C01C1B29FBCFFD00A238A9 /* XCRemoteSwiftPackageReference "firebase-ios-sdk" */;
			productName = FirebaseAnalyticsSwift;
		};
		98C01C2229FBCFFD00A238A9 /* FirebaseAnalyticsWithoutAdIdSupport */ = {
			isa = XCSwiftPackageProductDependency;
			package = 98C01C1B29FBCFFD00A238A9 /* XCRemoteSwiftPackageReference "firebase-ios-sdk" */;
			productName = FirebaseAnalyticsWithoutAdIdSupport;
		};
		98C01C2429FBCFFD00A238A9 /* FirebaseAppCheck */ = {
			isa = XCSwiftPackageProductDependency;
			package = 98C01C1B29FBCFFD00A238A9 /* XCRemoteSwiftPackageReference "firebase-ios-sdk" */;
			productName = FirebaseAppCheck;
		};
		98C01C2629FBCFFD00A238A9 /* FirebaseAppDistribution-Beta */ = {
			isa = XCSwiftPackageProductDependency;
			package = 98C01C1B29FBCFFD00A238A9 /* XCRemoteSwiftPackageReference "firebase-ios-sdk" */;
			productName = "FirebaseAppDistribution-Beta";
		};
		98C01C2829FBCFFD00A238A9 /* FirebaseAuth */ = {
			isa = XCSwiftPackageProductDependency;
			package = 98C01C1B29FBCFFD00A238A9 /* XCRemoteSwiftPackageReference "firebase-ios-sdk" */;
			productName = FirebaseAuth;
		};
		98C01C2A29FBCFFD00A238A9 /* FirebaseAuthCombine-Community */ = {
			isa = XCSwiftPackageProductDependency;
			package = 98C01C1B29FBCFFD00A238A9 /* XCRemoteSwiftPackageReference "firebase-ios-sdk" */;
			productName = "FirebaseAuthCombine-Community";
		};
		98C01C2C29FBCFFD00A238A9 /* FirebaseCrashlytics */ = {
			isa = XCSwiftPackageProductDependency;
			package = 98C01C1B29FBCFFD00A238A9 /* XCRemoteSwiftPackageReference "firebase-ios-sdk" */;
			productName = FirebaseCrashlytics;
		};
		98C01C2E29FBCFFD00A238A9 /* FirebaseDatabase */ = {
			isa = XCSwiftPackageProductDependency;
			package = 98C01C1B29FBCFFD00A238A9 /* XCRemoteSwiftPackageReference "firebase-ios-sdk" */;
			productName = FirebaseDatabase;
		};
		98C01C3029FBCFFD00A238A9 /* FirebaseDatabaseSwift */ = {
			isa = XCSwiftPackageProductDependency;
			package = 98C01C1B29FBCFFD00A238A9 /* XCRemoteSwiftPackageReference "firebase-ios-sdk" */;
			productName = FirebaseDatabaseSwift;
		};
		98C01C3229FBCFFD00A238A9 /* FirebaseDynamicLinks */ = {
			isa = XCSwiftPackageProductDependency;
			package = 98C01C1B29FBCFFD00A238A9 /* XCRemoteSwiftPackageReference "firebase-ios-sdk" */;
			productName = FirebaseDynamicLinks;
		};
		98C01C3429FBCFFD00A238A9 /* FirebaseFirestore */ = {
			isa = XCSwiftPackageProductDependency;
			package = 98C01C1B29FBCFFD00A238A9 /* XCRemoteSwiftPackageReference "firebase-ios-sdk" */;
			productName = FirebaseFirestore;
		};
		98C01C3629FBCFFD00A238A9 /* FirebaseFirestoreCombine-Community */ = {
			isa = XCSwiftPackageProductDependency;
			package = 98C01C1B29FBCFFD00A238A9 /* XCRemoteSwiftPackageReference "firebase-ios-sdk" */;
			productName = "FirebaseFirestoreCombine-Community";
		};
		98C01C3829FBCFFD00A238A9 /* FirebaseFirestoreSwift */ = {
			isa = XCSwiftPackageProductDependency;
			package = 98C01C1B29FBCFFD00A238A9 /* XCRemoteSwiftPackageReference "firebase-ios-sdk" */;
			productName = FirebaseFirestoreSwift;
		};
		98C01C3A29FBCFFD00A238A9 /* FirebaseFunctions */ = {
			isa = XCSwiftPackageProductDependency;
			package = 98C01C1B29FBCFFD00A238A9 /* XCRemoteSwiftPackageReference "firebase-ios-sdk" */;
			productName = FirebaseFunctions;
		};
		98C01C3C29FBCFFD00A238A9 /* FirebaseFunctionsCombine-Community */ = {
			isa = XCSwiftPackageProductDependency;
			package = 98C01C1B29FBCFFD00A238A9 /* XCRemoteSwiftPackageReference "firebase-ios-sdk" */;
			productName = "FirebaseFunctionsCombine-Community";
		};
		98C01C3E29FBCFFD00A238A9 /* FirebaseInAppMessaging-Beta */ = {
			isa = XCSwiftPackageProductDependency;
			package = 98C01C1B29FBCFFD00A238A9 /* XCRemoteSwiftPackageReference "firebase-ios-sdk" */;
			productName = "FirebaseInAppMessaging-Beta";
		};
		98C01C4029FBCFFD00A238A9 /* FirebaseInAppMessagingSwift-Beta */ = {
			isa = XCSwiftPackageProductDependency;
			package = 98C01C1B29FBCFFD00A238A9 /* XCRemoteSwiftPackageReference "firebase-ios-sdk" */;
			productName = "FirebaseInAppMessagingSwift-Beta";
		};
		98C01C4229FBCFFD00A238A9 /* FirebaseInstallations */ = {
			isa = XCSwiftPackageProductDependency;
			package = 98C01C1B29FBCFFD00A238A9 /* XCRemoteSwiftPackageReference "firebase-ios-sdk" */;
			productName = FirebaseInstallations;
		};
		98C01C4429FBCFFD00A238A9 /* FirebaseMLModelDownloader */ = {
			isa = XCSwiftPackageProductDependency;
			package = 98C01C1B29FBCFFD00A238A9 /* XCRemoteSwiftPackageReference "firebase-ios-sdk" */;
			productName = FirebaseMLModelDownloader;
		};
		98C01C4629FBCFFD00A238A9 /* FirebaseMessaging */ = {
			isa = XCSwiftPackageProductDependency;
			package = 98C01C1B29FBCFFD00A238A9 /* XCRemoteSwiftPackageReference "firebase-ios-sdk" */;
			productName = FirebaseMessaging;
		};
		98C01C4829FBCFFD00A238A9 /* FirebasePerformance */ = {
			isa = XCSwiftPackageProductDependency;
			package = 98C01C1B29FBCFFD00A238A9 /* XCRemoteSwiftPackageReference "firebase-ios-sdk" */;
			productName = FirebasePerformance;
		};
		98C01C4A29FBCFFD00A238A9 /* FirebaseRemoteConfig */ = {
			isa = XCSwiftPackageProductDependency;
			package = 98C01C1B29FBCFFD00A238A9 /* XCRemoteSwiftPackageReference "firebase-ios-sdk" */;
			productName = FirebaseRemoteConfig;
		};
		98C01C4C29FBCFFD00A238A9 /* FirebaseRemoteConfigSwift */ = {
			isa = XCSwiftPackageProductDependency;
			package = 98C01C1B29FBCFFD00A238A9 /* XCRemoteSwiftPackageReference "firebase-ios-sdk" */;
			productName = FirebaseRemoteConfigSwift;
		};
		98C01C4E29FBCFFD00A238A9 /* FirebaseStorage */ = {
			isa = XCSwiftPackageProductDependency;
			package = 98C01C1B29FBCFFD00A238A9 /* XCRemoteSwiftPackageReference "firebase-ios-sdk" */;
			productName = FirebaseStorage;
		};
		98C01C5029FBCFFD00A238A9 /* FirebaseStorageCombine-Community */ = {
			isa = XCSwiftPackageProductDependency;
			package = 98C01C1B29FBCFFD00A238A9 /* XCRemoteSwiftPackageReference "firebase-ios-sdk" */;
			productName = "FirebaseStorageCombine-Community";
		};
		98C01C5329FC3C2100A238A9 /* FirebaseAnalytics */ = {
			isa = XCSwiftPackageProductDependency;
			package = 98C01C1B29FBCFFD00A238A9 /* XCRemoteSwiftPackageReference "firebase-ios-sdk" */;
			productName = FirebaseAnalytics;
		};
		98C01C5529FC3C2100A238A9 /* FirebaseAnalyticsOnDeviceConversion */ = {
			isa = XCSwiftPackageProductDependency;
			package = 98C01C1B29FBCFFD00A238A9 /* XCRemoteSwiftPackageReference "firebase-ios-sdk" */;
			productName = FirebaseAnalyticsOnDeviceConversion;
		};
		98C01C5729FC3C2100A238A9 /* FirebaseAnalyticsSwift */ = {
			isa = XCSwiftPackageProductDependency;
			package = 98C01C1B29FBCFFD00A238A9 /* XCRemoteSwiftPackageReference "firebase-ios-sdk" */;
			productName = FirebaseAnalyticsSwift;
		};
		98C01C5929FC3C2100A238A9 /* FirebaseAnalyticsWithoutAdIdSupport */ = {
			isa = XCSwiftPackageProductDependency;
			package = 98C01C1B29FBCFFD00A238A9 /* XCRemoteSwiftPackageReference "firebase-ios-sdk" */;
			productName = FirebaseAnalyticsWithoutAdIdSupport;
		};
		98C01C5B29FC3C2100A238A9 /* FirebaseAppCheck */ = {
			isa = XCSwiftPackageProductDependency;
			package = 98C01C1B29FBCFFD00A238A9 /* XCRemoteSwiftPackageReference "firebase-ios-sdk" */;
			productName = FirebaseAppCheck;
		};
		98C01C5D29FC3C2100A238A9 /* FirebaseAppDistribution-Beta */ = {
			isa = XCSwiftPackageProductDependency;
			package = 98C01C1B29FBCFFD00A238A9 /* XCRemoteSwiftPackageReference "firebase-ios-sdk" */;
			productName = "FirebaseAppDistribution-Beta";
		};
		98C01C5F29FC3C2100A238A9 /* FirebaseAuth */ = {
			isa = XCSwiftPackageProductDependency;
			package = 98C01C1B29FBCFFD00A238A9 /* XCRemoteSwiftPackageReference "firebase-ios-sdk" */;
			productName = FirebaseAuth;
		};
		98C01C6129FC3C2100A238A9 /* FirebaseAuthCombine-Community */ = {
			isa = XCSwiftPackageProductDependency;
			package = 98C01C1B29FBCFFD00A238A9 /* XCRemoteSwiftPackageReference "firebase-ios-sdk" */;
			productName = "FirebaseAuthCombine-Community";
		};
		98C01C6329FC3C2100A238A9 /* FirebaseCrashlytics */ = {
			isa = XCSwiftPackageProductDependency;
			package = 98C01C1B29FBCFFD00A238A9 /* XCRemoteSwiftPackageReference "firebase-ios-sdk" */;
			productName = FirebaseCrashlytics;
		};
		98C01C6529FC3C2100A238A9 /* FirebaseDatabase */ = {
			isa = XCSwiftPackageProductDependency;
			package = 98C01C1B29FBCFFD00A238A9 /* XCRemoteSwiftPackageReference "firebase-ios-sdk" */;
			productName = FirebaseDatabase;
		};
		98C01C6729FC3C2100A238A9 /* FirebaseDatabaseSwift */ = {
			isa = XCSwiftPackageProductDependency;
			package = 98C01C1B29FBCFFD00A238A9 /* XCRemoteSwiftPackageReference "firebase-ios-sdk" */;
			productName = FirebaseDatabaseSwift;
		};
		98C01C6929FC3C2100A238A9 /* FirebaseDynamicLinks */ = {
			isa = XCSwiftPackageProductDependency;
			package = 98C01C1B29FBCFFD00A238A9 /* XCRemoteSwiftPackageReference "firebase-ios-sdk" */;
			productName = FirebaseDynamicLinks;
		};
		98C01C6B29FC3C2100A238A9 /* FirebaseFirestore */ = {
			isa = XCSwiftPackageProductDependency;
			package = 98C01C1B29FBCFFD00A238A9 /* XCRemoteSwiftPackageReference "firebase-ios-sdk" */;
			productName = FirebaseFirestore;
		};
		98C01C6D29FC3C2100A238A9 /* FirebaseFirestoreCombine-Community */ = {
			isa = XCSwiftPackageProductDependency;
			package = 98C01C1B29FBCFFD00A238A9 /* XCRemoteSwiftPackageReference "firebase-ios-sdk" */;
			productName = "FirebaseFirestoreCombine-Community";
		};
		98C01C6F29FC3C2100A238A9 /* FirebaseFirestoreSwift */ = {
			isa = XCSwiftPackageProductDependency;
			package = 98C01C1B29FBCFFD00A238A9 /* XCRemoteSwiftPackageReference "firebase-ios-sdk" */;
			productName = FirebaseFirestoreSwift;
		};
		98C01C7129FC3C2100A238A9 /* FirebaseFunctions */ = {
			isa = XCSwiftPackageProductDependency;
			package = 98C01C1B29FBCFFD00A238A9 /* XCRemoteSwiftPackageReference "firebase-ios-sdk" */;
			productName = FirebaseFunctions;
		};
		98C01C7329FC3C2100A238A9 /* FirebaseFunctionsCombine-Community */ = {
			isa = XCSwiftPackageProductDependency;
			package = 98C01C1B29FBCFFD00A238A9 /* XCRemoteSwiftPackageReference "firebase-ios-sdk" */;
			productName = "FirebaseFunctionsCombine-Community";
		};
		98C01C7529FC3C2100A238A9 /* FirebaseInAppMessaging-Beta */ = {
			isa = XCSwiftPackageProductDependency;
			package = 98C01C1B29FBCFFD00A238A9 /* XCRemoteSwiftPackageReference "firebase-ios-sdk" */;
			productName = "FirebaseInAppMessaging-Beta";
		};
		98C01C7729FC3C2100A238A9 /* FirebaseInAppMessagingSwift-Beta */ = {
			isa = XCSwiftPackageProductDependency;
			package = 98C01C1B29FBCFFD00A238A9 /* XCRemoteSwiftPackageReference "firebase-ios-sdk" */;
			productName = "FirebaseInAppMessagingSwift-Beta";
		};
		98C01C7929FC3C2100A238A9 /* FirebaseInstallations */ = {
			isa = XCSwiftPackageProductDependency;
			package = 98C01C1B29FBCFFD00A238A9 /* XCRemoteSwiftPackageReference "firebase-ios-sdk" */;
			productName = FirebaseInstallations;
		};
		98C01C7B29FC3C2100A238A9 /* FirebaseMLModelDownloader */ = {
			isa = XCSwiftPackageProductDependency;
			package = 98C01C1B29FBCFFD00A238A9 /* XCRemoteSwiftPackageReference "firebase-ios-sdk" */;
			productName = FirebaseMLModelDownloader;
		};
		98C01C7D29FC3C2100A238A9 /* FirebaseMessaging */ = {
			isa = XCSwiftPackageProductDependency;
			package = 98C01C1B29FBCFFD00A238A9 /* XCRemoteSwiftPackageReference "firebase-ios-sdk" */;
			productName = FirebaseMessaging;
		};
		98C01C7F29FC3C2100A238A9 /* FirebasePerformance */ = {
			isa = XCSwiftPackageProductDependency;
			package = 98C01C1B29FBCFFD00A238A9 /* XCRemoteSwiftPackageReference "firebase-ios-sdk" */;
			productName = FirebasePerformance;
		};
		98C01C8129FC3C2100A238A9 /* FirebaseRemoteConfig */ = {
			isa = XCSwiftPackageProductDependency;
			package = 98C01C1B29FBCFFD00A238A9 /* XCRemoteSwiftPackageReference "firebase-ios-sdk" */;
			productName = FirebaseRemoteConfig;
		};
		98C01C8329FC3C2100A238A9 /* FirebaseRemoteConfigSwift */ = {
			isa = XCSwiftPackageProductDependency;
			package = 98C01C1B29FBCFFD00A238A9 /* XCRemoteSwiftPackageReference "firebase-ios-sdk" */;
			productName = FirebaseRemoteConfigSwift;
		};
		98C01C8529FC3C2100A238A9 /* FirebaseStorage */ = {
			isa = XCSwiftPackageProductDependency;
			package = 98C01C1B29FBCFFD00A238A9 /* XCRemoteSwiftPackageReference "firebase-ios-sdk" */;
			productName = FirebaseStorage;
		};
		98C01C8729FC3C2100A238A9 /* FirebaseStorageCombine-Community */ = {
			isa = XCSwiftPackageProductDependency;
			package = 98C01C1B29FBCFFD00A238A9 /* XCRemoteSwiftPackageReference "firebase-ios-sdk" */;
			productName = "FirebaseStorageCombine-Community";
		};
		98F442BC29EDE9F700591D13 /* FirebaseAuth */ = {
			isa = XCSwiftPackageProductDependency;
			package = 98F442BB29EDE9F700591D13 /* XCRemoteSwiftPackageReference "firebase-ios-sdk" */;
			productName = FirebaseAuth;
		};
		98F442BE29EDE9F700591D13 /* FirebaseDatabase */ = {
			isa = XCSwiftPackageProductDependency;
			package = 98F442BB29EDE9F700591D13 /* XCRemoteSwiftPackageReference "firebase-ios-sdk" */;
			productName = FirebaseDatabase;
		};
		98F442C029EDE9F700591D13 /* FirebaseFirestore */ = {
			isa = XCSwiftPackageProductDependency;
			package = 98F442BB29EDE9F700591D13 /* XCRemoteSwiftPackageReference "firebase-ios-sdk" */;
			productName = FirebaseFirestore;
		};
/* End XCSwiftPackageProductDependency section */
	};
	rootObject = 986B820229EDD62500BB8438 /* Project object */;
}
